{
  "name": "npm-workspace-fixture",
  "lockfileVersion": 3,
  "requires": true,
  "packages": {
    "": {
      "name": "npm-workspace-fixture",
      "workspaces": [
        "packages/*"
      ]
    },
    "node_modules/workspace-app": {
      "resolved": "packages/app",
      "link": true
    },
    "packages/app": {
      "name": "workspace-app",
      "version": "1.0.0"
    }
  }
}
